<?xml version="1.0" encoding="utf-8"?>
<Project ToolsVersion="4.0" xmlns="http://schemas.microsoft.com/developer/msbuild/2003">
  <ItemGroup>
    <ClCompile Include="main.cpp" />
    <ClCompile Include="stdafx.cpp" />
    <ClCompile Include="PlatformWindowSystem.cpp">
      <Filter>Engine\Platform</Filter>
    </ClCompile>
    <ClCompile Include="Log.cpp">
      <Filter>Engine\Core</Filter>
    </ClCompile>
    <ClCompile Include="Engine.cpp">
      <Filter>Engine\Engine</Filter>
    </ClCompile>
    <ClCompile Include="GameApp.cpp">
      <Filter>Game</Filter>
    </ClCompile>
    <ClCompile Include="RenderDevice.cpp">
      <Filter>Engine\Renderer</Filter>
    </ClCompile>
    <ClCompile Include="OpenGLHeader.cpp">
      <Filter>Engine\Renderer</Filter>
    </ClCompile>
    <ClCompile Include="RenderResource.cpp">
      <Filter>Engine\Renderer</Filter>
    </ClCompile>
    <ClCompile Include="Camera.cpp">
      <Filter>Engine\Renderer</Filter>
    </ClCompile>
    <ClCompile Include="GameInput.cpp">
      <Filter>Game</Filter>
    </ClCompile>
    <ClCompile Include="DrawPrimitive.cpp">
      <Filter>Engine\Renderer</Filter>
    </ClCompile>
    <ClCompile Include="..\3rdparty\glad\gl.c">
      <Filter>3rdparty</Filter>
    </ClCompile>
    <ClCompile Include="..\3rdparty\glad\wgl.c">
      <Filter>3rdparty</Filter>
    </ClCompile>
    <ClCompile Include="PlatformUtility.cpp">
      <Filter>Engine\Platform</Filter>
    </ClCompile>
    <ClCompile Include="PlatformInputSystem.cpp">
      <Filter>Engine\Platform</Filter>
    </ClCompile>
    <ClCompile Include="TileMap.cpp">
      <Filter>GameData</Filter>
    </ClCompile>
    <ClCompile Include="TextureManager.cpp">
      <Filter>Engine\Resource</Filter>
    </ClCompile>
    <ClCompile Include="TileMapGeometry.cpp">
      <Filter>GameData</Filter>
    </ClCompile>
    <ClCompile Include="Offscreen.cpp">
      <Filter>Game</Filter>
    </ClCompile>
  </ItemGroup>
  <ItemGroup>
    <ClInclude Include="stdafx.h" />
    <ClInclude Include="PlatformWindowSystem.h">
      <Filter>Engine\Platform</Filter>
    </ClInclude>
    <ClInclude Include="Log.h">
      <Filter>Engine\Core</Filter>
    </ClInclude>
    <ClInclude Include="Engine.h">
      <Filter>Engine\Engine</Filter>
    </ClInclude>
    <ClInclude Include="RenderDevice.h">
      <Filter>Engine\Renderer</Filter>
    </ClInclude>
    <ClInclude Include="OpenGLHeader.h">
      <Filter>Engine\Renderer</Filter>
    </ClInclude>
    <ClInclude Include="RenderResource.h">
      <Filter>Engine\Renderer</Filter>
    </ClInclude>
    <ClInclude Include="Camera.h">
      <Filter>Engine\Renderer</Filter>
    </ClInclude>
    <ClInclude Include="GameInput.h">
      <Filter>Game</Filter>
    </ClInclude>
    <ClInclude Include="DrawPrimitive.h">
      <Filter>Engine\Renderer</Filter>
    </ClInclude>
    <ClInclude Include="..\3rdparty\glad\wgl.h">
      <Filter>3rdparty</Filter>
    </ClInclude>
    <ClInclude Include="..\3rdparty\glad\gl.h">
      <Filter>3rdparty</Filter>
    </ClInclude>
    <ClInclude Include="CoreMath.h">
      <Filter>Engine\Math</Filter>
    </ClInclude>
    <ClInclude Include="PlatformUtility.h">
      <Filter>Engine\Platform</Filter>
    </ClInclude>
    <ClInclude Include="PlatformInputSystem.h">
      <Filter>Engine\Platform</Filter>
    </ClInclude>
    <ClInclude Include="TileMap.h">
      <Filter>GameData</Filter>
    </ClInclude>
    <ClInclude Include="TextureManager.h">
      <Filter>Engine\Resource</Filter>
    </ClInclude>
    <ClInclude Include="Vertex.h">
      <Filter>Engine\Renderer</Filter>
    </ClInclude>
    <ClInclude Include="TileMapGeometry.h">
      <Filter>GameData</Filter>
    </ClInclude>
    <ClInclude Include="Offscreen.h">
      <Filter>Game</Filter>
    </ClInclude>
  </ItemGroup>
  <ItemGroup>
    <Filter Include="Engine">
      <UniqueIdentifier>{4e7d7fb4-92c1-4fd1-8399-60c4cdf31f11}</UniqueIdentifier>
    </Filter>
    <Filter Include="Game">
      <UniqueIdentifier>{f30884a3-8446-4100-80f6-c123ff10df20}</UniqueIdentifier>
    </Filter>
    <Filter Include="Engine\Core">
      <UniqueIdentifier>{191f1a7e-6173-4ec6-b48d-2d791072d2c1}</UniqueIdentifier>
    </Filter>
    <Filter Include="Engine\Platform">
      <UniqueIdentifier>{4ab31c9d-c895-4458-9214-a5d0bd57d63b}</UniqueIdentifier>
    </Filter>
    <Filter Include="Engine\Base">
      <UniqueIdentifier>{00b80bc4-4ba4-4a55-b630-e4f781a9465c}</UniqueIdentifier>
    </Filter>
    <Filter Include="Engine\Engine">
      <UniqueIdentifier>{74558624-afbb-4952-994b-4b8144a6fce4}</UniqueIdentifier>
    </Filter>
    <Filter Include="Engine\Renderer">
      <UniqueIdentifier>{83740966-d0f1-4de0-bc8c-a7bd54927148}</UniqueIdentifier>
    </Filter>
    <Filter Include="3rdparty">
      <UniqueIdentifier>{1d7d567a-272c-4b6b-992e-8950c83b7bd0}</UniqueIdentifier>
    </Filter>
    <Filter Include="Engine\Math">
      <UniqueIdentifier>{4eab45ba-546f-4965-b226-442ed25676c2}</UniqueIdentifier>
    </Filter>
    <Filter Include="GameData">
      <UniqueIdentifier>{93ba2f07-f037-4c81-b400-2e9bad24eb48}</UniqueIdentifier>
    </Filter>
    <Filter Include="Engine\Resource">
      <UniqueIdentifier>{69145b1a-94cc-48a1-bd0e-9a153305450d}</UniqueIdentifier>
    </Filter>
  </ItemGroup>
</Project>